// !$*UTF8*$!
{
	archiveVersion = 1;
	classes = {
	};
	objectVersion = 50;
	objects = {

/* Begin PBXBuildFile section */
		B0C5D616224FCDC700D9A54E /* AppDelegate.swift in Sources */ = {isa = PBXBuildFile; fileRef = B0C5D615224FCDC700D9A54E /* AppDelegate.swift */; };
		B0C5D618224FCDC700D9A54E /* QuestionViewController.swift in Sources */ = {isa = PBXBuildFile; fileRef = B0C5D617224FCDC700D9A54E /* QuestionViewController.swift */; };
		B0C5D61B224FCDC700D9A54E /* Main.storyboard in Resources */ = {isa = PBXBuildFile; fileRef = B0C5D619224FCDC700D9A54E /* Main.storyboard */; };
		B0C5D61D224FCDC700D9A54E /* Assets.xcassets in Resources */ = {isa = PBXBuildFile; fileRef = B0C5D61C224FCDC700D9A54E /* Assets.xcassets */; };
		B0C5D62E224FD03700D9A54E /* Question.swift in Sources */ = {isa = PBXBuildFile; fileRef = B0C5D62D224FD03700D9A54E /* Question.swift */; };
		B0C5D630224FD14900D9A54E /* QuestionGroup.swift in Sources */ = {isa = PBXBuildFile; fileRef = B0C5D62F224FD14900D9A54E /* QuestionGroup.swift */; };
		B0C5D632224FD19900D9A54E /* QuestionGroupData.swift in Sources */ = {isa = PBXBuildFile; fileRef = B0C5D631224FD19900D9A54E /* QuestionGroupData.swift */; };
		B0C5D634224FD20F00D9A54E /* LaunchScreen.storyboard in Resources */ = {isa = PBXBuildFile; fileRef = B0C5D633224FD20F00D9A54E /* LaunchScreen.storyboard */; };
/* End PBXBuildFile section */

/* Begin PBXFileReference section */
		B0C5D612224FCDC700D9A54E /* RabbleWabble.app */ = {isa = PBXFileReference; explicitFileType = wrapper.application; includeInIndex = 0; path = RabbleWabble.app; sourceTree = BUILT_PRODUCTS_DIR; };
		B0C5D615224FCDC700D9A54E /* AppDelegate.swift */ = {isa = PBXFileReference; lastKnownFileType = sourcecode.swift; path = AppDelegate.swift; sourceTree = "<group>"; };
		B0C5D617224FCDC700D9A54E /* QuestionViewController.swift */ = {isa = PBXFileReference; lastKnownFileType = sourcecode.swift; path = QuestionViewController.swift; sourceTree = "<group>"; };
		B0C5D61A224FCDC700D9A54E /* Base */ = {isa = PBXFileReference; lastKnownFileType = file.storyboard; name = Base; path = Base.lproj/Main.storyboard; sourceTree = "<group>"; };
		B0C5D61C224FCDC700D9A54E /* Assets.xcassets */ = {isa = PBXFileReference; lastKnownFileType = folder.assetcatalog; path = Assets.xcassets; sourceTree = "<group>"; };
		B0C5D621224FCDC700D9A54E /* Info.plist */ = {isa = PBXFileReference; lastKnownFileType = text.plist.xml; path = Info.plist; sourceTree = "<group>"; };
		B0C5D62D224FD03700D9A54E /* Question.swift */ = {isa = PBXFileReference; lastKnownFileType = sourcecode.swift; path = Question.swift; sourceTree = "<group>"; };
		B0C5D62F224FD14900D9A54E /* QuestionGroup.swift */ = {isa = PBXFileReference; lastKnownFileType = sourcecode.swift; path = QuestionGroup.swift; sourceTree = "<group>"; };
		B0C5D631224FD19900D9A54E /* QuestionGroupData.swift */ = {isa = PBXFileReference; fileEncoding = 4; lastKnownFileType = sourcecode.swift; path = QuestionGroupData.swift; sourceTree = "<group>"; };
		B0C5D633224FD20F00D9A54E /* LaunchScreen.storyboard */ = {isa = PBXFileReference; fileEncoding = 4; lastKnownFileType = file.storyboard; path = LaunchScreen.storyboard; sourceTree = "<group>"; };
/* End PBXFileReference section */

/* Begin PBXFrameworksBuildPhase section */
		B0C5D60F224FCDC700D9A54E /* Frameworks */ = {
			isa = PBXFrameworksBuildPhase;
			buildActionMask = 2147483647;
			files = (
			);
			runOnlyForDeploymentPostprocessing = 0;
		};
/* End PBXFrameworksBuildPhase section */

/* Begin PBXGroup section */
		B0C5D609224FCDC700D9A54E = {
			isa = PBXGroup;
			children = (
				B0C5D614224FCDC700D9A54E /* RabbleWabble */,
				B0C5D613224FCDC700D9A54E /* Products */,
			);
			sourceTree = "<group>";
		};
		B0C5D613224FCDC700D9A54E /* Products */ = {
			isa = PBXGroup;
			children = (
				B0C5D612224FCDC700D9A54E /* RabbleWabble.app */,
			);
			name = Products;
			sourceTree = "<group>";
		};
		B0C5D614224FCDC700D9A54E /* RabbleWabble */ = {
			isa = PBXGroup;
			children = (
				B0C5D627224FCE7000D9A54E /* AppDelegate */,
				B0C5D629224FCE8700D9A54E /* Controllers */,
				B0C5D62A224FCEB400D9A54E /* Models */,
				B0C5D62B224FCEBC00D9A54E /* Resourses */,
				B0C5D62C224FCEC500D9A54E /* Views */,
			);
			path = RabbleWabble;
			sourceTree = "<group>";
		};
		B0C5D627224FCE7000D9A54E /* AppDelegate */ = {
			isa = PBXGroup;
			children = (
				B0C5D615224FCDC700D9A54E /* AppDelegate.swift */,
			);
			path = AppDelegate;
			sourceTree = "<group>";
		};
		B0C5D629224FCE8700D9A54E /* Controllers */ = {
			isa = PBXGroup;
			children = (
				B0C5D617224FCDC700D9A54E /* QuestionViewController.swift */,
			);
			path = Controllers;
			sourceTree = "<group>";
		};
		B0C5D62A224FCEB400D9A54E /* Models */ = {
			isa = PBXGroup;
			children = (
				B0C5D62D224FD03700D9A54E /* Question.swift */,
				B0C5D62F224FD14900D9A54E /* QuestionGroup.swift */,
				B0C5D631224FD19900D9A54E /* QuestionGroupData.swift */,
			);
			path = Models;
			sourceTree = "<group>";
		};
		B0C5D62B224FCEBC00D9A54E /* Resourses */ = {
			isa = PBXGroup;
			children = (
				B0C5D61C224FCDC700D9A54E /* Assets.xcassets */,
				B0C5D621224FCDC700D9A54E /* Info.plist */,
			);
			path = Resourses;
			sourceTree = "<group>";
		};
		B0C5D62C224FCEC500D9A54E /* Views */ = {
			isa = PBXGroup;
			children = (
				B0C5D633224FD20F00D9A54E /* LaunchScreen.storyboard */,
				B0C5D619224FCDC700D9A54E /* Main.storyboard */,
			);
			path = Views;
			sourceTree = "<group>";
		};
/* End PBXGroup section */

/* Begin PBXNativeTarget section */
		B0C5D611224FCDC700D9A54E /* RabbleWabble */ = {
			isa = PBXNativeTarget;
			buildConfigurationList = B0C5D624224FCDC700D9A54E /* Build configuration list for PBXNativeTarget "RabbleWabble" */;
			buildPhases = (
				B0C5D60E224FCDC700D9A54E /* Sources */,
				B0C5D60F224FCDC700D9A54E /* Frameworks */,
				B0C5D610224FCDC700D9A54E /* Resources */,
			);
			buildRules = (
			);
			dependencies = (
			);
			name = RabbleWabble;
			productName = RabbleWabble;
			productReference = B0C5D612224FCDC700D9A54E /* RabbleWabble.app */;
			productType = "com.apple.product-type.application";
		};
/* End PBXNativeTarget section */

/* Begin PBXProject section */
		B0C5D60A224FCDC700D9A54E /* Project object */ = {
			isa = PBXProject;
			attributes = {
				LastSwiftUpdateCheck = 1020;
				LastUpgradeCheck = 1020;
				ORGANIZATIONNAME = "Maksim Nosov";
				TargetAttributes = {
					B0C5D611224FCDC700D9A54E = {
						CreatedOnToolsVersion = 10.2;
					};
				};
			};
			buildConfigurationList = B0C5D60D224FCDC700D9A54E /* Build configuration list for PBXProject "RabbleWabble" */;
			compatibilityVersion = "Xcode 9.3";
			developmentRegion = en;
			hasScannedForEncodings = 0;
			knownRegions = (
				en,
				Base,
			);
			mainGroup = B0C5D609224FCDC700D9A54E;
			productRefGroup = B0C5D613224FCDC700D9A54E /* Products */;
			projectDirPath = "";
			projectRoot = "";
			targets = (
				B0C5D611224FCDC700D9A54E /* RabbleWabble */,
			);
		};
/* End PBXProject section */

/* Begin PBXResourcesBuildPhase section */
		B0C5D610224FCDC700D9A54E /* Resources */ = {
			isa = PBXResourcesBuildPhase;
			buildActionMask = 2147483647;
			files = (
				B0C5D634224FD20F00D9A54E /* LaunchScreen.storyboard in Resources */,
				B0C5D61D224FCDC700D9A54E /* Assets.xcassets in Resources */,
				B0C5D61B224FCDC700D9A54E /* Main.storyboard in Resources */,
			);
			runOnlyForDeploymentPostprocessing = 0;
		};
/* End PBXResourcesBuildPhase section */

/* Begin PBXSourcesBuildPhase section */
		B0C5D60E224FCDC700D9A54E /* Sources */ = {
			isa = PBXSourcesBuildPhase;
			buildActionMask = 2147483647;
			files = (
				B0C5D62E224FD03700D9A54E /* Question.swift in Sources */,
				B0C5D618224FCDC700D9A54E /* QuestionViewController.swift in Sources */,
				B0C5D616224FCDC700D9A54E /* AppDelegate.swift in Sources */,
				B0C5D630224FD14900D9A54E /* QuestionGroup.swift in Sources */,
				B0C5D632224FD19900D9A54E /* QuestionGroupData.swift in Sources */,
			);
			runOnlyForDeploymentPostprocessing = 0;
		};
/* End PBXSourcesBuildPhase section */

/* Begin PBXVariantGroup section */
		B0C5D619224FCDC700D9A54E /* Main.storyboard */ = {
			isa = PBXVariantGroup;
			children = (
				B0C5D61A224FCDC700D9A54E /* Base */,
			);
			name = Main.storyboard;
			sourceTree = "<group>";
		};
/* End PBXVariantGroup section */

/* Begin XCBuildConfiguration section */
		B0C5D622224FCDC700D9A54E /* Debug */ = {
			isa = XCBuildConfiguration;
			buildSettings = {
				ALWAYS_SEARCH_USER_PATHS = NO;
				CLANG_ANALYZER_NONNULL = YES;
				CLANG_ANALYZER_NUMBER_OBJECT_CONVERSION = YES_AGGRESSIVE;
				CLANG_CXX_LANGUAGE_STANDARD = "gnu++14";
				CLANG_CXX_LIBRARY = "libc++";
				CLANG_ENABLE_MODULES = YES;
				CLANG_ENABLE_OBJC_ARC = YES;
				CLANG_ENABLE_OBJC_WEAK = YES;
				CLANG_WARN_BLOCK_CAPTURE_AUTORELEASING = YES;
				CLANG_WARN_BOOL_CONVERSION = YES;
				CLANG_WARN_COMMA = YES;
				CLANG_WARN_CONSTANT_CONVERSION = YES;
				CLANG_WARN_DEPRECATED_OBJC_IMPLEMENTATIONS = YES;
				CLANG_WARN_DIRECT_OBJC_ISA_USAGE = YES_ERROR;
				CLANG_WARN_DOCUMENTATION_COMMENTS = YES;
				CLANG_WARN_EMPTY_BODY = YES;
				CLANG_WARN_ENUM_CONVERSION = YES;
				CLANG_WARN_INFINITE_RECURSION = YES;
				CLANG_WARN_INT_CONVERSION = YES;
				CLANG_WARN_NON_LITERAL_NULL_CONVERSION = YES;
				CLANG_WARN_OBJC_IMPLICIT_RETAIN_SELF = YES;
				CLANG_WARN_OBJC_LITERAL_CONVERSION = YES;
				CLANG_WARN_OBJC_ROOT_CLASS = YES_ERROR;
				CLANG_WARN_RANGE_LOOP_ANALYSIS = YES;
				CLANG_WARN_STRICT_PROTOTYPES = YES;
				CLANG_WARN_SUSPICIOUS_MOVE = YES;
				CLANG_WARN_UNGUARDED_AVAILABILITY = YES_AGGRESSIVE;
				CLANG_WARN_UNREACHABLE_CODE = YES;
				CLANG_WARN__DUPLICATE_METHOD_MATCH = YES;
				CODE_SIGN_IDENTITY = "iPhone Developer";
				COPY_PHASE_STRIP = NO;
				DEBUG_INFORMATION_FORMAT = dwarf;
				ENABLE_STRICT_OBJC_MSGSEND = YES;
				ENABLE_TESTABILITY = YES;
				GCC_C_LANGUAGE_STANDARD = gnu11;
				GCC_DYNAMIC_NO_PIC = NO;
				GCC_NO_COMMON_BLOCKS = YES;
				GCC_OPTIMIZATION_LEVEL = 0;
				GCC_PREPROCESSOR_DEFINITIONS = (
					"DEBUG=1",
					"$(inherited)",
				);
				GCC_WARN_64_TO_32_BIT_CONVERSION = YES;
				GCC_WARN_ABOUT_RETURN_TYPE = YES_ERROR;
				GCC_WARN_UNDECLARED_SELECTOR = YES;
				GCC_WARN_UNINITIALIZED_AUTOS = YES_AGGRESSIVE;
				GCC_WARN_UNUSED_FUNCTION = YES;
				GCC_WARN_UNUSED_VARIABLE = YES;
				IPHONEOS_DEPLOYMENT_TARGET = 12.2;
				MTL_ENABLE_DEBUG_INFO = INCLUDE_SOURCE;
				MTL_FAST_MATH = YES;
				ONLY_ACTIVE_ARCH = YES;
				SDKROOT = iphoneos;
				SWIFT_ACTIVE_COMPILATION_CONDITIONS = DEBUG;
				SWIFT_OPTIMIZATION_LEVEL = "-Onone";
			};
			name = Debug;
		};
		B0C5D623224FCDC700D9A54E /* Release */ = {
			isa = XCBuildConfiguration;
			buildSettings = {
				ALWAYS_SEARCH_USER_PATHS = NO;
				CLANG_ANALYZER_NONNULL = YES;
				CLANG_ANALYZER_NUMBER_OBJECT_CONVERSION = YES_AGGRESSIVE;
				CLANG_CXX_LANGUAGE_STANDARD = "gnu++14";
				CLANG_CXX_LIBRARY = "libc++";
				CLANG_ENABLE_MODULES = YES;
				CLANG_ENABLE_OBJC_ARC = YES;
				CLANG_ENABLE_OBJC_WEAK = YES;
				CLANG_WARN_BLOCK_CAPTURE_AUTORELEASING = YES;
				CLANG_WARN_BOOL_CONVERSION = YES;
				CLANG_WARN_COMMA = YES;
				CLANG_WARN_CONSTANT_CONVERSION = YES;
				CLANG_WARN_DEPRECATED_OBJC_IMPLEMENTATIONS = YES;
				CLANG_WARN_DIRECT_OBJC_ISA_USAGE = YES_ERROR;
				CLANG_WARN_DOCUMENTATION_COMMENTS = YES;
				CLANG_WARN_EMPTY_BODY = YES;
				CLANG_WARN_ENUM_CONVERSION = YES;
				CLANG_WARN_INFINITE_RECURSION = YES;
				CLANG_WARN_INT_CONVERSION = YES;
				CLANG_WARN_NON_LITERAL_NULL_CONVERSION = YES;
				CLANG_WARN_OBJC_IMPLICIT_RETAIN_SELF = YES;
				CLANG_WARN_OBJC_LITERAL_CONVERSION = YES;
				CLANG_WARN_OBJC_ROOT_CLASS = YES_ERROR;
				CLANG_WARN_RANGE_LOOP_ANALYSIS = YES;
				CLANG_WARN_STRICT_PROTOTYPES = YES;
				CLANG_WARN_SUSPICIOUS_MOVE = YES;
				CLANG_WARN_UNGUARDED_AVAILABILITY = YES_AGGRESSIVE;
				CLANG_WARN_UNREACHABLE_CODE = YES;
				CLANG_WARN__DUPLICATE_METHOD_MATCH = YES;
				CODE_SIGN_IDENTITY = "iPhone Developer";
				COPY_PHASE_STRIP = NO;
				DEBUG_INFORMATION_FORMAT = "dwarf-with-dsym";
				ENABLE_NS_ASSERTIONS = NO;
				ENABLE_STRICT_OBJC_MSGSEND = YES;
				GCC_C_LANGUAGE_STANDARD = gnu11;
				GCC_NO_COMMON_BLOCKS = YES;
				GCC_WARN_64_TO_32_BIT_CONVERSION = YES;
				GCC_WARN_ABOUT_RETURN_TYPE = YES_ERROR;
				GCC_WARN_UNDECLARED_SELECTOR = YES;
				GCC_WARN_UNINITIALIZED_AUTOS = YES_AGGRESSIVE;
				GCC_WARN_UNUSED_FUNCTION = YES;
				GCC_WARN_UNUSED_VARIABLE = YES;
				IPHONEOS_DEPLOYMENT_TARGET = 12.2;
				MTL_ENABLE_DEBUG_INFO = NO;
				MTL_FAST_MATH = YES;
				SDKROOT = iphoneos;
				SWIFT_COMPILATION_MODE = wholemodule;
				SWIFT_OPTIMIZATION_LEVEL = "-O";
				VALIDATE_PRODUCT = YES;
			};
			name = Release;
		};
		B0C5D625224FCDC700D9A54E /* Debug */ = {
			isa = XCBuildConfiguration;
			buildSettings = {
				ASSETCATALOG_COMPILER_APPICON_NAME = AppIcon;
				CODE_SIGN_STYLE = Automatic;
				DEVELOPMENT_TEAM = RXJ69EWCMT;
				INFOPLIST_FILE = "$(SRCROOT)/RabbleWabble/Resourses/Info.plist";
				LD_RUNPATH_SEARCH_PATHS = (
					"$(inherited)",
					"@executable_path/Frameworks",
				);
				PRODUCT_BUNDLE_IDENTIFIER = ozolc.RabbleWabble;
				PRODUCT_NAME = "$(TARGET_NAME)";
				SWIFT_VERSION = 5.0;
				TARGETED_DEVICE_FAMILY = "1,2";
			};
			name = Debug;
		};
		B0C5D626224FCDC700D9A54E /* Release */ = {
			isa = XCBuildConfiguration;
			buildSettings = {
				ASSETCATALOG_COMPILER_APPICON_NAME = AppIcon;
				CODE_SIGN_STYLE = Automatic;
				DEVELOPMENT_TEAM = RXJ69EWCMT;
				INFOPLIST_FILE = "$(SRCROOT)/RabbleWabble/Resourses/Info.plist";
				LD_RUNPATH_SEARCH_PATHS = (
					"$(inherited)",
					"@executable_path/Frameworks",
				);
				PRODUCT_BUNDLE_IDENTIFIER = ozolc.RabbleWabble;
				PRODUCT_NAME = "$(TARGET_NAME)";
				SWIFT_VERSION = 5.0;
				TARGETED_DEVICE_FAMILY = "1,2";
			};
			name = Release;
		};
/* End XCBuildConfiguration section */

/* Begin XCConfigurationList section */
		B0C5D60D224FCDC700D9A54E /* Build configuration list for PBXProject "RabbleWabble" */ = {
			isa = XCConfigurationList;
			buildConfigurations = (
				B0C5D622224FCDC700D9A54E /* Debug */,
				B0C5D623224FCDC700D9A54E /* Release */,
			);
			defaultConfigurationIsVisible = 0;
			defaultConfigurationName = Release;
		};
		B0C5D624224FCDC700D9A54E /* Build configuration list for PBXNativeTarget "RabbleWabble" */ = {
			isa = XCConfigurationList;
			buildConfigurations = (
				B0C5D625224FCDC700D9A54E /* Debug */,
				B0C5D626224FCDC700D9A54E /* Release */,
			);
			defaultConfigurationIsVisible = 0;
			defaultConfigurationName = Release;
		};
/* End XCConfigurationList section */
	};
	rootObject = B0C5D60A224FCDC700D9A54E /* Project object */;
}
