// !$*UTF8*$!
{
	archiveVersion = 1;
	classes = {
	};
	objectVersion = 52;
	objects = {

/* Begin PBXBuildFile section */
		B0915DC523AC0362009CBAD1 /* AppDelegate.swift in Sources */ = {isa = PBXBuildFile; fileRef = B0915DC423AC0362009CBAD1 /* AppDelegate.swift */; };
		B0915DC923AC0362009CBAD1 /* Assets.xcassets in Resources */ = {isa = PBXBuildFile; fileRef = B0915DC823AC0362009CBAD1 /* Assets.xcassets */; };
		B0915DCC23AC0362009CBAD1 /* Preview Assets.xcassets in Resources */ = {isa = PBXBuildFile; fileRef = B0915DCB23AC0362009CBAD1 /* Preview Assets.xcassets */; };
		B0915DCF23AC0362009CBAD1 /* LaunchScreen.storyboard in Resources */ = {isa = PBXBuildFile; fileRef = B0915DCD23AC0362009CBAD1 /* LaunchScreen.storyboard */; };
		B0915DDB23AC0562009CBAD1 /* ContentView.swift in Sources */ = {isa = PBXBuildFile; fileRef = B0915DDA23AC0562009CBAD1 /* ContentView.swift */; };
		B0915DDF23AC0609009CBAD1 /* Game in Frameworks */ = {isa = PBXBuildFile; productRef = B0915DDE23AC0609009CBAD1 /* Game */; };
/* End PBXBuildFile section */

/* Begin PBXFileReference section */
		B0915DC123AC0362009CBAD1 /* TVBullsEye.app */ = {isa = PBXFileReference; explicitFileType = wrapper.application; includeInIndex = 0; path = TVBullsEye.app; sourceTree = BUILT_PRODUCTS_DIR; };
		B0915DC423AC0362009CBAD1 /* AppDelegate.swift */ = {isa = PBXFileReference; lastKnownFileType = sourcecode.swift; path = AppDelegate.swift; sourceTree = "<group>"; };
		B0915DC823AC0362009CBAD1 /* Assets.xcassets */ = {isa = PBXFileReference; lastKnownFileType = folder.assetcatalog; path = Assets.xcassets; sourceTree = "<group>"; };
		B0915DCB23AC0362009CBAD1 /* Preview Assets.xcassets */ = {isa = PBXFileReference; lastKnownFileType = folder.assetcatalog; path = "Preview Assets.xcassets"; sourceTree = "<group>"; };
		B0915DCE23AC0362009CBAD1 /* Base */ = {isa = PBXFileReference; lastKnownFileType = file.storyboard; name = Base; path = Base.lproj/LaunchScreen.storyboard; sourceTree = "<group>"; };
		B0915DD023AC0362009CBAD1 /* Info.plist */ = {isa = PBXFileReference; lastKnownFileType = text.plist.xml; path = Info.plist; sourceTree = "<group>"; };
		B0915DDA23AC0562009CBAD1 /* ContentView.swift */ = {isa = PBXFileReference; lastKnownFileType = sourcecode.swift; path = ContentView.swift; sourceTree = "<group>"; };
		B0915DDD23AC0603009CBAD1 /* Game */ = {isa = PBXFileReference; lastKnownFileType = folder; path = Game; sourceTree = "<group>"; };
/* End PBXFileReference section */

/* Begin PBXFrameworksBuildPhase section */
		B0915DBE23AC0362009CBAD1 /* Frameworks */ = {
			isa = PBXFrameworksBuildPhase;
			buildActionMask = 2147483647;
			files = (
				B0915DDF23AC0609009CBAD1 /* Game in Frameworks */,
			);
			runOnlyForDeploymentPostprocessing = 0;
		};
/* End PBXFrameworksBuildPhase section */

/* Begin PBXGroup section */
		B0915DB823AC0362009CBAD1 = {
			isa = PBXGroup;
			children = (
				B0915DDD23AC0603009CBAD1 /* Game */,
				B0915DC323AC0362009CBAD1 /* TVBullsEye */,
				B0915DC223AC0362009CBAD1 /* Products */,
				B0915DD723AC0381009CBAD1 /* Frameworks */,
			);
			sourceTree = "<group>";
		};
		B0915DC223AC0362009CBAD1 /* Products */ = {
			isa = PBXGroup;
			children = (
				B0915DC123AC0362009CBAD1 /* TVBullsEye.app */,
			);
			name = Products;
			sourceTree = "<group>";
		};
		B0915DC323AC0362009CBAD1 /* TVBullsEye */ = {
			isa = PBXGroup;
			children = (
				B0915DC423AC0362009CBAD1 /* AppDelegate.swift */,
				B0915DDA23AC0562009CBAD1 /* ContentView.swift */,
				B0915DC823AC0362009CBAD1 /* Assets.xcassets */,
				B0915DCD23AC0362009CBAD1 /* LaunchScreen.storyboard */,
				B0915DD023AC0362009CBAD1 /* Info.plist */,
				B0915DCA23AC0362009CBAD1 /* Preview Content */,
			);
			path = TVBullsEye;
			sourceTree = "<group>";
		};
		B0915DCA23AC0362009CBAD1 /* Preview Content */ = {
			isa = PBXGroup;
			children = (
				B0915DCB23AC0362009CBAD1 /* Preview Assets.xcassets */,
			);
			path = "Preview Content";
			sourceTree = "<group>";
		};
		B0915DD723AC0381009CBAD1 /* Frameworks */ = {
			isa = PBXGroup;
			children = (
			);
			name = Frameworks;
			sourceTree = "<group>";
		};
/* End PBXGroup section */

/* Begin PBXNativeTarget section */
		B0915DC023AC0362009CBAD1 /* TVBullsEye */ = {
			isa = PBXNativeTarget;
			buildConfigurationList = B0915DD323AC0362009CBAD1 /* Build configuration list for PBXNativeTarget "TVBullsEye" */;
			buildPhases = (
				B0915DBD23AC0362009CBAD1 /* Sources */,
				B0915DBE23AC0362009CBAD1 /* Frameworks */,
				B0915DBF23AC0362009CBAD1 /* Resources */,
			);
			buildRules = (
			);
			dependencies = (
			);
			name = TVBullsEye;
			packageProductDependencies = (
				B0915DDE23AC0609009CBAD1 /* Game */,
			);
			productName = TVBullsEye;
			productReference = B0915DC123AC0362009CBAD1 /* TVBullsEye.app */;
			productType = "com.apple.product-type.application";
		};
/* End PBXNativeTarget section */

/* Begin PBXProject section */
		B0915DB923AC0362009CBAD1 /* Project object */ = {
			isa = PBXProject;
			attributes = {
				LastSwiftUpdateCheck = 1130;
				LastUpgradeCheck = 1130;
				ORGANIZATIONNAME = "Maksim Nosov";
				TargetAttributes = {
					B0915DC023AC0362009CBAD1 = {
						CreatedOnToolsVersion = 11.3;
					};
				};
			};
			buildConfigurationList = B0915DBC23AC0362009CBAD1 /* Build configuration list for PBXProject "TVBullsEye" */;
			compatibilityVersion = "Xcode 9.3";
			developmentRegion = en;
			hasScannedForEncodings = 0;
			knownRegions = (
				en,
				Base,
			);
			mainGroup = B0915DB823AC0362009CBAD1;
			productRefGroup = B0915DC223AC0362009CBAD1 /* Products */;
			projectDirPath = "";
			projectRoot = "";
			targets = (
				B0915DC023AC0362009CBAD1 /* TVBullsEye */,
			);
		};
/* End PBXProject section */

/* Begin PBXResourcesBuildPhase section */
		B0915DBF23AC0362009CBAD1 /* Resources */ = {
			isa = PBXResourcesBuildPhase;
			buildActionMask = 2147483647;
			files = (
				B0915DCF23AC0362009CBAD1 /* LaunchScreen.storyboard in Resources */,
				B0915DCC23AC0362009CBAD1 /* Preview Assets.xcassets in Resources */,
				B0915DC923AC0362009CBAD1 /* Assets.xcassets in Resources */,
			);
			runOnlyForDeploymentPostprocessing = 0;
		};
/* End PBXResourcesBuildPhase section */

/* Begin PBXSourcesBuildPhase section */
		B0915DBD23AC0362009CBAD1 /* Sources */ = {
			isa = PBXSourcesBuildPhase;
			buildActionMask = 2147483647;
			files = (
				B0915DDB23AC0562009CBAD1 /* ContentView.swift in Sources */,
				B0915DC523AC0362009CBAD1 /* AppDelegate.swift in Sources */,
			);
			runOnlyForDeploymentPostprocessing = 0;
		};
/* End PBXSourcesBuildPhase section */

/* Begin PBXVariantGroup section */
		B0915DCD23AC0362009CBAD1 /* LaunchScreen.storyboard */ = {
			isa = PBXVariantGroup;
			children = (
				B0915DCE23AC0362009CBAD1 /* Base */,
			);
			name = LaunchScreen.storyboard;
			sourceTree = "<group>";
		};
/* End PBXVariantGroup section */

/* Begin XCBuildConfiguration section */
		B0915DD123AC0362009CBAD1 /* Debug */ = {
			isa = XCBuildConfiguration;
			buildSettings = {
				ALWAYS_SEARCH_USER_PATHS = NO;
				CLANG_ANALYZER_NONNULL = YES;
				CLANG_ANALYZER_NUMBER_OBJECT_CONVERSION = YES_AGGRESSIVE;
				CLANG_CXX_LANGUAGE_STANDARD = "gnu++14";
				CLANG_CXX_LIBRARY = "libc++";
				CLANG_ENABLE_MODULES = YES;
				CLANG_ENABLE_OBJC_ARC = YES;
				CLANG_ENABLE_OBJC_WEAK = YES;
				CLANG_WARN_BLOCK_CAPTURE_AUTORELEASING = YES;
				CLANG_WARN_BOOL_CONVERSION = YES;
				CLANG_WARN_COMMA = YES;
				CLANG_WARN_CONSTANT_CONVERSION = YES;
				CLANG_WARN_DEPRECATED_OBJC_IMPLEMENTATIONS = YES;
				CLANG_WARN_DIRECT_OBJC_ISA_USAGE = YES_ERROR;
				CLANG_WARN_DOCUMENTATION_COMMENTS = YES;
				CLANG_WARN_EMPTY_BODY = YES;
				CLANG_WARN_ENUM_CONVERSION = YES;
				CLANG_WARN_INFINITE_RECURSION = YES;
				CLANG_WARN_INT_CONVERSION = YES;
				CLANG_WARN_NON_LITERAL_NULL_CONVERSION = YES;
				CLANG_WARN_OBJC_IMPLICIT_RETAIN_SELF = YES;
				CLANG_WARN_OBJC_LITERAL_CONVERSION = YES;
				CLANG_WARN_OBJC_ROOT_CLASS = YES_ERROR;
				CLANG_WARN_RANGE_LOOP_ANALYSIS = YES;
				CLANG_WARN_STRICT_PROTOTYPES = YES;
				CLANG_WARN_SUSPICIOUS_MOVE = YES;
				CLANG_WARN_UNGUARDED_AVAILABILITY = YES_AGGRESSIVE;
				CLANG_WARN_UNREACHABLE_CODE = YES;
				CLANG_WARN__DUPLICATE_METHOD_MATCH = YES;
				COPY_PHASE_STRIP = NO;
				DEBUG_INFORMATION_FORMAT = dwarf;
				ENABLE_STRICT_OBJC_MSGSEND = YES;
				ENABLE_TESTABILITY = YES;
				GCC_C_LANGUAGE_STANDARD = gnu11;
				GCC_DYNAMIC_NO_PIC = NO;
				GCC_NO_COMMON_BLOCKS = YES;
				GCC_OPTIMIZATION_LEVEL = 0;
				GCC_PREPROCESSOR_DEFINITIONS = (
					"DEBUG=1",
					"$(inherited)",
				);
				GCC_WARN_64_TO_32_BIT_CONVERSION = YES;
				GCC_WARN_ABOUT_RETURN_TYPE = YES_ERROR;
				GCC_WARN_UNDECLARED_SELECTOR = YES;
				GCC_WARN_UNINITIALIZED_AUTOS = YES_AGGRESSIVE;
				GCC_WARN_UNUSED_FUNCTION = YES;
				GCC_WARN_UNUSED_VARIABLE = YES;
				MTL_ENABLE_DEBUG_INFO = INCLUDE_SOURCE;
				MTL_FAST_MATH = YES;
				ONLY_ACTIVE_ARCH = YES;
				SDKROOT = appletvos;
				SWIFT_ACTIVE_COMPILATION_CONDITIONS = DEBUG;
				SWIFT_OPTIMIZATION_LEVEL = "-Onone";
				TVOS_DEPLOYMENT_TARGET = 13.2;
			};
			name = Debug;
		};
		B0915DD223AC0362009CBAD1 /* Release */ = {
			isa = XCBuildConfiguration;
			buildSettings = {
				ALWAYS_SEARCH_USER_PATHS = NO;
				CLANG_ANALYZER_NONNULL = YES;
				CLANG_ANALYZER_NUMBER_OBJECT_CONVERSION = YES_AGGRESSIVE;
				CLANG_CXX_LANGUAGE_STANDARD = "gnu++14";
				CLANG_CXX_LIBRARY = "libc++";
				CLANG_ENABLE_MODULES = YES;
				CLANG_ENABLE_OBJC_ARC = YES;
				CLANG_ENABLE_OBJC_WEAK = YES;
				CLANG_WARN_BLOCK_CAPTURE_AUTORELEASING = YES;
				CLANG_WARN_BOOL_CONVERSION = YES;
				CLANG_WARN_COMMA = YES;
				CLANG_WARN_CONSTANT_CONVERSION = YES;
				CLANG_WARN_DEPRECATED_OBJC_IMPLEMENTATIONS = YES;
				CLANG_WARN_DIRECT_OBJC_ISA_USAGE = YES_ERROR;
				CLANG_WARN_DOCUMENTATION_COMMENTS = YES;
				CLANG_WARN_EMPTY_BODY = YES;
				CLANG_WARN_ENUM_CONVERSION = YES;
				CLANG_WARN_INFINITE_RECURSION = YES;
				CLANG_WARN_INT_CONVERSION = YES;
				CLANG_WARN_NON_LITERAL_NULL_CONVERSION = YES;
				CLANG_WARN_OBJC_IMPLICIT_RETAIN_SELF = YES;
				CLANG_WARN_OBJC_LITERAL_CONVERSION = YES;
				CLANG_WARN_OBJC_ROOT_CLASS = YES_ERROR;
				CLANG_WARN_RANGE_LOOP_ANALYSIS = YES;
				CLANG_WARN_STRICT_PROTOTYPES = YES;
				CLANG_WARN_SUSPICIOUS_MOVE = YES;
				CLANG_WARN_UNGUARDED_AVAILABILITY = YES_AGGRESSIVE;
				CLANG_WARN_UNREACHABLE_CODE = YES;
				CLANG_WARN__DUPLICATE_METHOD_MATCH = YES;
				COPY_PHASE_STRIP = NO;
				DEBUG_INFORMATION_FORMAT = "dwarf-with-dsym";
				ENABLE_NS_ASSERTIONS = NO;
				ENABLE_STRICT_OBJC_MSGSEND = YES;
				GCC_C_LANGUAGE_STANDARD = gnu11;
				GCC_NO_COMMON_BLOCKS = YES;
				GCC_WARN_64_TO_32_BIT_CONVERSION = YES;
				GCC_WARN_ABOUT_RETURN_TYPE = YES_ERROR;
				GCC_WARN_UNDECLARED_SELECTOR = YES;
				GCC_WARN_UNINITIALIZED_AUTOS = YES_AGGRESSIVE;
				GCC_WARN_UNUSED_FUNCTION = YES;
				GCC_WARN_UNUSED_VARIABLE = YES;
				MTL_ENABLE_DEBUG_INFO = NO;
				MTL_FAST_MATH = YES;
				SDKROOT = appletvos;
				SWIFT_COMPILATION_MODE = wholemodule;
				SWIFT_OPTIMIZATION_LEVEL = "-O";
				TVOS_DEPLOYMENT_TARGET = 13.2;
				VALIDATE_PRODUCT = YES;
			};
			name = Release;
		};
		B0915DD423AC0362009CBAD1 /* Debug */ = {
			isa = XCBuildConfiguration;
			buildSettings = {
				ASSETCATALOG_COMPILER_APPICON_NAME = "App Icon & Top Shelf Image";
				CODE_SIGN_IDENTITY = "Apple Development";
				CODE_SIGN_STYLE = Automatic;
				DEVELOPMENT_ASSET_PATHS = "\"TVBullsEye/Preview Content\"";
				DEVELOPMENT_TEAM = RXJ69EWCMT;
				ENABLE_PREVIEWS = YES;
				INFOPLIST_FILE = TVBullsEye/Info.plist;
				LD_RUNPATH_SEARCH_PATHS = (
					"$(inherited)",
					"@executable_path/Frameworks",
				);
				PRODUCT_BUNDLE_IDENTIFIER = ozolc.TVBullsEye;
				PRODUCT_NAME = "$(TARGET_NAME)";
				PROVISIONING_PROFILE_SPECIFIER = "";
				SWIFT_VERSION = 5.0;
				TARGETED_DEVICE_FAMILY = 3;
				TVOS_DEPLOYMENT_TARGET = 13.2;
			};
			name = Debug;
		};
		B0915DD523AC0362009CBAD1 /* Release */ = {
			isa = XCBuildConfiguration;
			buildSettings = {
				ASSETCATALOG_COMPILER_APPICON_NAME = "App Icon & Top Shelf Image";
				CODE_SIGN_IDENTITY = "Apple Development";
				CODE_SIGN_STYLE = Automatic;
				DEVELOPMENT_ASSET_PATHS = "\"TVBullsEye/Preview Content\"";
				DEVELOPMENT_TEAM = RXJ69EWCMT;
				ENABLE_PREVIEWS = YES;
				INFOPLIST_FILE = TVBullsEye/Info.plist;
				LD_RUNPATH_SEARCH_PATHS = (
					"$(inherited)",
					"@executable_path/Frameworks",
				);
				PRODUCT_BUNDLE_IDENTIFIER = ozolc.TVBullsEye;
				PRODUCT_NAME = "$(TARGET_NAME)";
				PROVISIONING_PROFILE_SPECIFIER = "";
				SWIFT_VERSION = 5.0;
				TARGETED_DEVICE_FAMILY = 3;
				TVOS_DEPLOYMENT_TARGET = 13.2;
			};
			name = Release;
		};
/* End XCBuildConfiguration section */

/* Begin XCConfigurationList section */
		B0915DBC23AC0362009CBAD1 /* Build configuration list for PBXProject "TVBullsEye" */ = {
			isa = XCConfigurationList;
			buildConfigurations = (
				B0915DD123AC0362009CBAD1 /* Debug */,
				B0915DD223AC0362009CBAD1 /* Release */,
			);
			defaultConfigurationIsVisible = 0;
			defaultConfigurationName = Release;
		};
		B0915DD323AC0362009CBAD1 /* Build configuration list for PBXNativeTarget "TVBullsEye" */ = {
			isa = XCConfigurationList;
			buildConfigurations = (
				B0915DD423AC0362009CBAD1 /* Debug */,
				B0915DD523AC0362009CBAD1 /* Release */,
			);
			defaultConfigurationIsVisible = 0;
			defaultConfigurationName = Release;
		};
/* End XCConfigurationList section */

/* Begin XCSwiftPackageProductDependency section */
		B0915DDE23AC0609009CBAD1 /* Game */ = {
			isa = XCSwiftPackageProductDependency;
			productName = Game;
		};
/* End XCSwiftPackageProductDependency section */
	};
	rootObject = B0915DB923AC0362009CBAD1 /* Project object */;
}
